
Microsoft Visual Studio Solution File, Format Version 12.00
# Visual Studio Version 16
VisualStudioVersion = 16.0.31729.503
MinimumVisualStudioVersion = 10.0.40219.1
Project("{FAE04EC0-301F-11D3-BF4B-00C04F79EFBC}") = "SITConnect", "SITConnect\SITConnect.csproj", "{5776DEA3-4AD0-42BF-A6FC-8B9ACD6E06E6}"
EndProject
Global
	GlobalSection(SolutionConfigurationPlatforms) = preSolution
		Debug|Any CPU = Debug|Any CPU
		Release|Any CPU = Release|Any CPU
	EndGlobalSection
	GlobalSection(ProjectConfigurationPlatforms) = postSolution
		{5776DEA3-4AD0-42BF-A6FC-8B9ACD6E06E6}.Debug|Any CPU.ActiveCfg = Debug|Any CPU
		{5776DEA3-4AD0-42BF-A6FC-8B9ACD6E06E6}.Debug|Any CPU.Build.0 = Debug|Any CPU
		{5776DEA3-4AD0-42BF-A6FC-8B9ACD6E06E6}.Release|Any CPU.ActiveCfg = Release|Any CPU
		{5776DEA3-4AD0-42BF-A6FC-8B9ACD6E06E6}.Release|Any CPU.Build.0 = Release|Any CPU
	EndGlobalSection
	GlobalSection(SolutionProperties) = preSolution
		HideSolutionNode = FALSE
	EndGlobalSection
	GlobalSection(ExtensibilityGlobals) = postSolution
		SolutionGuid = {3620927D-59C9-41C3-A980-CE2301D94B5E}
	EndGlobalSection
EndGlobal
